
Microsoft Visual Studio Solution File, Format Version 12.00
# Visual Studio Version 17
VisualStudioVersion = 17.3.32929.385
MinimumVisualStudioVersion = 10.0.40219.1
Project("{FAE04EC0-301F-11D3-BF4B-00C04F79EFBC}") = "AI_Client", "AI_Client\AI_Client.csproj", "{8CA822E4-0508-4F9B-BF89-8DBCEE2361C7}"
EndProject
Global
	GlobalSection(SolutionConfigurationPlatforms) = preSolution
		Debug|Any CPU = Debug|Any CPU
		Release|Any CPU = Release|Any CPU
	EndGlobalSection
	GlobalSection(ProjectConfigurationPlatforms) = postSolution
		{8CA822E4-0508-4F9B-BF89-8DBCEE2361C7}.Debug|Any CPU.ActiveCfg = Debug|Any CPU
		{8CA822E4-0508-4F9B-BF89-8DBCEE2361C7}.Debug|Any CPU.Build.0 = Debug|Any CPU
		{8CA822E4-0508-4F9B-BF89-8DBCEE2361C7}.Release|Any CPU.ActiveCfg = Release|Any CPU
		{8CA822E4-0508-4F9B-BF89-8DBCEE2361C7}.Release|Any CPU.Build.0 = Release|Any CPU
	EndGlobalSection
	GlobalSection(SolutionProperties) = preSolution
		HideSolutionNode = FALSE
	EndGlobalSection
	GlobalSection(ExtensibilityGlobals) = postSolution
		SolutionGuid = {D9F415FE-8BC5-481D-8F86-97B64D38DFAD}
	EndGlobalSection
EndGlobal
